// !$*UTF8*$!
{
	archiveVersion = 1;
	classes = {
	};
	objectVersion = 51;
	objects = {

/* Begin PBXBuildFile section */
		100506F32474D4F2008FDFC3 /* MenuCollectionViewCell.swift in Sources */ = {isa = PBXBuildFile; fileRef = 100506F12474D4F2008FDFC3 /* MenuCollectionViewCell.swift */; };
		100506F42474D4F2008FDFC3 /* MenuCollectionViewCell.xib in Resources */ = {isa = PBXBuildFile; fileRef = 100506F22474D4F2008FDFC3 /* MenuCollectionViewCell.xib */; };
		100506F62474D771008FDFC3 /* Menu.swift in Sources */ = {isa = PBXBuildFile; fileRef = 100506F52474D771008FDFC3 /* Menu.swift */; };
		100556C224738BD500B1F8BF /* Colors.swift in Sources */ = {isa = PBXBuildFile; fileRef = 100556C124738BD500B1F8BF /* Colors.swift */; };
		100556C42473912B00B1F8BF /* APIManager.swift in Sources */ = {isa = PBXBuildFile; fileRef = 100556C32473912B00B1F8BF /* APIManager.swift */; };
		1006D83024763C1A000892ED /* View.swift in Sources */ = {isa = PBXBuildFile; fileRef = 1006D82F24763C1A000892ED /* View.swift */; };
		1006D83224766226000892ED /* tbt icon.xcassets in Resources */ = {isa = PBXBuildFile; fileRef = 1006D83124766226000892ED /* tbt icon.xcassets */; };
		1006D83424767152000892ED /* Product.swift in Sources */ = {isa = PBXBuildFile; fileRef = 1006D83324767152000892ED /* Product.swift */; };
		1006D8362476715D000892ED /* Package.swift in Sources */ = {isa = PBXBuildFile; fileRef = 1006D8352476715D000892ED /* Package.swift */; };
		1006D83A247672F6000892ED /* ProductViewModel.swift in Sources */ = {isa = PBXBuildFile; fileRef = 1006D839247672F6000892ED /* ProductViewModel.swift */; };
		1006D83C24767313000892ED /* ProductViewModelDelegate.swift in Sources */ = {isa = PBXBuildFile; fileRef = 1006D83B24767313000892ED /* ProductViewModelDelegate.swift */; };
		1006D83E24767322000892ED /* ProductService.swift in Sources */ = {isa = PBXBuildFile; fileRef = 1006D83D24767322000892ED /* ProductService.swift */; };
		1006D84024767330000892ED /* ProductServiceDelegate.swift in Sources */ = {isa = PBXBuildFile; fileRef = 1006D83F24767330000892ED /* ProductServiceDelegate.swift */; };
		101FE96E24767EDF005AB106 /* PackageViewController.swift in Sources */ = {isa = PBXBuildFile; fileRef = 101FE96D24767EDF005AB106 /* PackageViewController.swift */; };
		10200A31248D353A0024F086 /* TTTabBarViewController.swift in Sources */ = {isa = PBXBuildFile; fileRef = 10200A30248D353A0024F086 /* TTTabBarViewController.swift */; };
		10200A34248E162E0024F086 /* RegisterServiceViewController.swift in Sources */ = {isa = PBXBuildFile; fileRef = 10200A33248E162E0024F086 /* RegisterServiceViewController.swift */; };
		10200A36248E3D6A0024F086 /* Address.swift in Sources */ = {isa = PBXBuildFile; fileRef = 10200A35248E3D6A0024F086 /* Address.swift */; };
		102A77122488F06600A657AD /* InternetConnection.swift in Sources */ = {isa = PBXBuildFile; fileRef = 102A77112488F06600A657AD /* InternetConnection.swift */; };
		102D3961249098470039BC3E /* CRMService.swift in Sources */ = {isa = PBXBuildFile; fileRef = 102D3960249098470039BC3E /* CRMService.swift */; };
		102D3964249098740039BC3E /* CRMViewModel.swift in Sources */ = {isa = PBXBuildFile; fileRef = 102D3963249098740039BC3E /* CRMViewModel.swift */; };
		103F3E512477B55900367024 /* PackageDetailTableViewCell.swift in Sources */ = {isa = PBXBuildFile; fileRef = 103F3E4F2477B55900367024 /* PackageDetailTableViewCell.swift */; };
		103F3E522477B55900367024 /* PackageDetailTableViewCell.xib in Resources */ = {isa = PBXBuildFile; fileRef = 103F3E502477B55900367024 /* PackageDetailTableViewCell.xib */; };
		103F3E542477C56500367024 /* PackageDetailViewController.swift in Sources */ = {isa = PBXBuildFile; fileRef = 103F3E532477C56500367024 /* PackageDetailViewController.swift */; };
		1045AA1E247B5031003A79E9 /* PackageDetailHeaderView.swift in Sources */ = {isa = PBXBuildFile; fileRef = 1045AA1D247B5031003A79E9 /* PackageDetailHeaderView.swift */; };
		1045AA26247B55E3003A79E9 /* PackageDetailHeaderView.xib in Resources */ = {isa = PBXBuildFile; fileRef = 1045AA24247B55E3003A79E9 /* PackageDetailHeaderView.xib */; };
		104AAE22247E9A4E00801A8F /* DepartmentStoryboard.storyboard in Resources */ = {isa = PBXBuildFile; fileRef = 104AAE21247E9A4E00801A8F /* DepartmentStoryboard.storyboard */; };
		104AAE28247E9B8D00801A8F /* AdminTableViewController.swift in Sources */ = {isa = PBXBuildFile; fileRef = 104AAE27247E9B8D00801A8F /* AdminTableViewController.swift */; };
		104AAE2C247E9DE000801A8F /* Department.swift in Sources */ = {isa = PBXBuildFile; fileRef = 104AAE2B247E9DE000801A8F /* Department.swift */; };
		104AAE30247E9E8100801A8F /* department.json in Resources */ = {isa = PBXBuildFile; fileRef = 104AAE2F247E9E8100801A8F /* department.json */; };
		104AAE32247EA0B100801A8F /* DepartmentTableViewController.swift in Sources */ = {isa = PBXBuildFile; fileRef = 104AAE31247EA0B100801A8F /* DepartmentTableViewController.swift */; };
		105226F7247E1E5E007B7B29 /* CustomizeNavTab.swift in Sources */ = {isa = PBXBuildFile; fileRef = 105226F6247E1E5E007B7B29 /* CustomizeNavTab.swift */; };
		105226FA247E2382007B7B29 /* SpeedTestViewController.swift in Sources */ = {isa = PBXBuildFile; fileRef = 105226F9247E2382007B7B29 /* SpeedTestViewController.swift */; };
		105226FC247E59F8007B7B29 /* PopLocationViewController.swift in Sources */ = {isa = PBXBuildFile; fileRef = 105226FB247E59F8007B7B29 /* PopLocationViewController.swift */; };
		10670006247E0240002E283E /* UserLocationViewController.swift in Sources */ = {isa = PBXBuildFile; fileRef = 10670005247E0240002E283E /* UserLocationViewController.swift */; };
		1077A065249070810062EBFB /* Validation.swift in Sources */ = {isa = PBXBuildFile; fileRef = 1077A064249070810062EBFB /* Validation.swift */; };
		1077A067249087690062EBFB /* PackageCRMViewController.swift in Sources */ = {isa = PBXBuildFile; fileRef = 1077A066249087690062EBFB /* PackageCRMViewController.swift */; };
		1077A06A24908C250062EBFB /* PackageCRMCellTableViewCell.swift in Sources */ = {isa = PBXBuildFile; fileRef = 1077A06824908C250062EBFB /* PackageCRMCellTableViewCell.swift */; };
		1077A06B24908C250062EBFB /* PackageCRMCellTableViewCell.xib in Resources */ = {isa = PBXBuildFile; fileRef = 1077A06924908C250062EBFB /* PackageCRMCellTableViewCell.xib */; };
		108848C5247CA44A0034579A /* HelpDeskService.swift in Sources */ = {isa = PBXBuildFile; fileRef = 108848C4247CA44A0034579A /* HelpDeskService.swift */; };
		108848C7247CA4560034579A /* HelpDeskViewModel.swift in Sources */ = {isa = PBXBuildFile; fileRef = 108848C6247CA4560034579A /* HelpDeskViewModel.swift */; };
		108848C9247CA4610034579A /* HelpDesk.swift in Sources */ = {isa = PBXBuildFile; fileRef = 108848C8247CA4610034579A /* HelpDesk.swift */; };
		108848CB247CB8CB0034579A /* FAQsTableViewController.swift in Sources */ = {isa = PBXBuildFile; fileRef = 108848CA247CB8CB0034579A /* FAQsTableViewController.swift */; };
		108848CF247CB9150034579A /* FAQsTableViewCell.swift in Sources */ = {isa = PBXBuildFile; fileRef = 108848CD247CB9150034579A /* FAQsTableViewCell.swift */; };
		108848D0247CB9150034579A /* FAQsTableViewCell.xib in Resources */ = {isa = PBXBuildFile; fileRef = 108848CE247CB9150034579A /* FAQsTableViewCell.xib */; };
		108848D4247CB91E0034579A /* FAQsTableViewHeader.xib in Resources */ = {isa = PBXBuildFile; fileRef = 108848D2247CB91E0034579A /* FAQsTableViewHeader.xib */; };
		108848D6247CB9430034579A /* FAQsTableViewHeader.swift in Sources */ = {isa = PBXBuildFile; fileRef = 108848D5247CB9430034579A /* FAQsTableViewHeader.swift */; };
		108848D8247CBADD0034579A /* SupportQuestion.swift in Sources */ = {isa = PBXBuildFile; fileRef = 108848D7247CBADD0034579A /* SupportQuestion.swift */; };
		1089359D248F667A00D8CF84 /* RequestCRM.swift in Sources */ = {isa = PBXBuildFile; fileRef = 1089359C248F667A00D8CF84 /* RequestCRM.swift */; };
		1095651C2477717E000C286B /* PackageDetail.swift in Sources */ = {isa = PBXBuildFile; fileRef = 1095651B2477717E000C286B /* PackageDetail.swift */; };
		10BBF921247CFCCA008DCF3A /* POP.swift in Sources */ = {isa = PBXBuildFile; fileRef = 10BBF920247CFCCA008DCF3A /* POP.swift */; };
		10BBF925247CFDF8008DCF3A /* SaleService.swift in Sources */ = {isa = PBXBuildFile; fileRef = 10BBF924247CFDF8008DCF3A /* SaleService.swift */; };
		10BBF927247CFE03008DCF3A /* SaleViewModel.swift in Sources */ = {isa = PBXBuildFile; fileRef = 10BBF926247CFE03008DCF3A /* SaleViewModel.swift */; };
		10BE73B8247365A4001EFD43 /* AppDelegate.swift in Sources */ = {isa = PBXBuildFile; fileRef = 10BE73B7247365A4001EFD43 /* AppDelegate.swift */; };
		10BE73BA247365A4001EFD43 /* SceneDelegate.swift in Sources */ = {isa = PBXBuildFile; fileRef = 10BE73B9247365A4001EFD43 /* SceneDelegate.swift */; };
		10BE73BC247365A4001EFD43 /* ViewController.swift in Sources */ = {isa = PBXBuildFile; fileRef = 10BE73BB247365A4001EFD43 /* ViewController.swift */; };
		10BE73BF247365A4001EFD43 /* Main.storyboard in Resources */ = {isa = PBXBuildFile; fileRef = 10BE73BD247365A4001EFD43 /* Main.storyboard */; };
		10BE73C1247365A4001EFD43 /* Assets.xcassets in Resources */ = {isa = PBXBuildFile; fileRef = 10BE73C0247365A4001EFD43 /* Assets.xcassets */; };
		10BE73C4247365A4001EFD43 /* LaunchScreen.storyboard in Resources */ = {isa = PBXBuildFile; fileRef = 10BE73C2247365A4001EFD43 /* LaunchScreen.storyboard */; };
		10BE73E424736EDA001EFD43 /* AboutUsViewController.swift in Sources */ = {isa = PBXBuildFile; fileRef = 10BE73E324736EDA001EFD43 /* AboutUsViewController.swift */; };
		10BE73E924737186001EFD43 /* LocationViewController.swift in Sources */ = {isa = PBXBuildFile; fileRef = 10BE73E824737186001EFD43 /* LocationViewController.swift */; };
		10BE73EC247371FA001EFD43 /* HomeStoryboard.storyboard in Resources */ = {isa = PBXBuildFile; fileRef = 10BE73EB247371FA001EFD43 /* HomeStoryboard.storyboard */; };
		10BE73EE24737206001EFD43 /* HomeViewController.swift in Sources */ = {isa = PBXBuildFile; fileRef = 10BE73ED24737206001EFD43 /* HomeViewController.swift */; };
		10BE73F024737293001EFD43 /* LocationsStoryboard.storyboard in Resources */ = {isa = PBXBuildFile; fileRef = 10BE73EF24737293001EFD43 /* LocationsStoryboard.storyboard */; };
		10BE73F3247372BF001EFD43 /* AboutUsStoryboard.storyboard in Resources */ = {isa = PBXBuildFile; fileRef = 10BE73F2247372BF001EFD43 /* AboutUsStoryboard.storyboard */; };
		10BE73F6247372FC001EFD43 /* MessageStoryboard.storyboard in Resources */ = {isa = PBXBuildFile; fileRef = 10BE73F5247372FC001EFD43 /* MessageStoryboard.storyboard */; };
		10BE73F824737309001EFD43 /* MessageViewController.swift in Sources */ = {isa = PBXBuildFile; fileRef = 10BE73F724737309001EFD43 /* MessageViewController.swift */; };
		10CFC1BF247F49670059AD63 /* SaleTableViewController.swift in Sources */ = {isa = PBXBuildFile; fileRef = 10CFC1BE247F49670059AD63 /* SaleTableViewController.swift */; };
		10CFC1C1247F49710059AD63 /* FinanceTableViewController.swift in Sources */ = {isa = PBXBuildFile; fileRef = 10CFC1C0247F49710059AD63 /* FinanceTableViewController.swift */; };
		10CFC1C5247F53120059AD63 /* DeviceTableViewController.swift in Sources */ = {isa = PBXBuildFile; fileRef = 10CFC1C4247F53120059AD63 /* DeviceTableViewController.swift */; };
		10CFC1C7247F63950059AD63 /* Device.swift in Sources */ = {isa = PBXBuildFile; fileRef = 10CFC1C6247F63950059AD63 /* Device.swift */; };
		10CFC1CB247F67EF0059AD63 /* DeviceTableViewCell.swift in Sources */ = {isa = PBXBuildFile; fileRef = 10CFC1C9247F67EF0059AD63 /* DeviceTableViewCell.swift */; };
		10CFC1CC247F67EF0059AD63 /* DeviceTableViewCell.xib in Resources */ = {isa = PBXBuildFile; fileRef = 10CFC1CA247F67EF0059AD63 /* DeviceTableViewCell.xib */; };
		10CFC1CE247F6B660059AD63 /* DeviceHeaderView.swift in Sources */ = {isa = PBXBuildFile; fileRef = 10CFC1CD247F6B660059AD63 /* DeviceHeaderView.swift */; };
		10CFC1D4247F6EAC0059AD63 /* DeviceHeaderView.xib in Resources */ = {isa = PBXBuildFile; fileRef = 10CFC1D2247F6EAC0059AD63 /* DeviceHeaderView.xib */; };
		10CFC1D9247FA9820059AD63 /* Localizable.strings in Resources */ = {isa = PBXBuildFile; fileRef = 10CFC1DB247FA9820059AD63 /* Localizable.strings */; };
		10CFC1DE247FAA390059AD63 /* LanguageManager.swift in Sources */ = {isa = PBXBuildFile; fileRef = 10CFC1DD247FAA390059AD63 /* LanguageManager.swift */; };
		10D17EF0247619E10095E0AF /* ProductViewController.swift in Sources */ = {isa = PBXBuildFile; fileRef = 10D17EEF247619E10095E0AF /* ProductViewController.swift */; };
		10D17EF62476203E0095E0AF /* Quicksand Medium 500.ttf in Resources */ = {isa = PBXBuildFile; fileRef = 10D17EF22476203E0095E0AF /* Quicksand Medium 500.ttf */; };
		10D17EF72476203E0095E0AF /* Quicksand Bold 700.ttf in Resources */ = {isa = PBXBuildFile; fileRef = 10D17EF32476203E0095E0AF /* Quicksand Bold 700.ttf */; };
		10D17EF82476203E0095E0AF /* Quicksand Regular 400.ttf in Resources */ = {isa = PBXBuildFile; fileRef = 10D17EF42476203E0095E0AF /* Quicksand Regular 400.ttf */; };
		10D17EF92476203E0095E0AF /* Quicksand Light 300.ttf in Resources */ = {isa = PBXBuildFile; fileRef = 10D17EF52476203E0095E0AF /* Quicksand Light 300.ttf */; };
		10D17EFC247624930095E0AF /* SubMenuTableViewCell.swift in Sources */ = {isa = PBXBuildFile; fileRef = 10D17EFA247624930095E0AF /* SubMenuTableViewCell.swift */; };
		10D17EFD247624930095E0AF /* SubMenuTableViewCell.xib in Resources */ = {isa = PBXBuildFile; fileRef = 10D17EFB247624930095E0AF /* SubMenuTableViewCell.xib */; };
		10E7F38D247B73360082901F /* HelpDeskViewController.swift in Sources */ = {isa = PBXBuildFile; fileRef = 10E7F38C247B73360082901F /* HelpDeskViewController.swift */; };
		10E7F38F247B751F0082901F /* SoftwareSolution.swift in Sources */ = {isa = PBXBuildFile; fileRef = 10E7F38E247B751F0082901F /* SoftwareSolution.swift */; };
		10E7F391247B7D380082901F /* WebApplicationViewController.swift in Sources */ = {isa = PBXBuildFile; fileRef = 10E7F390247B7D380082901F /* WebApplicationViewController.swift */; };
		10E7F393247B86950082901F /* FeedBackViewController.swift in Sources */ = {isa = PBXBuildFile; fileRef = 10E7F392247B86950082901F /* FeedBackViewController.swift */; };
		A909CA9B2474C03D00546CFC /* LoginViewController.swift in Sources */ = {isa = PBXBuildFile; fileRef = A909CA992474C03D00546CFC /* LoginViewController.swift */; };
		A909CA9C2474C03D00546CFC /* LoginViewController.xib in Resources */ = {isa = PBXBuildFile; fileRef = A909CA9A2474C03D00546CFC /* LoginViewController.xib */; };
		A960AC21247DFD0B00E844E2 /* DepartmentTableViewCell.swift in Sources */ = {isa = PBXBuildFile; fileRef = A960AC1F247DFD0B00E844E2 /* DepartmentTableViewCell.swift */; };
		A960AC22247DFD0B00E844E2 /* DepartmentTableViewCell.xib in Resources */ = {isa = PBXBuildFile; fileRef = A960AC20247DFD0B00E844E2 /* DepartmentTableViewCell.xib */; };
		A960AC24247E082400E844E2 /* DepartmentViewController.swift in Sources */ = {isa = PBXBuildFile; fileRef = A960AC23247E082400E844E2 /* DepartmentViewController.swift */; };
		A9B0AF58247E64CF002FB5B6 /* AttendanceViewController.swift in Sources */ = {isa = PBXBuildFile; fileRef = A9B0AF57247E64CF002FB5B6 /* AttendanceViewController.swift */; };
		A9B0AF5B247E6567002FB5B6 /* AttendanceCollectionViewCell.swift in Sources */ = {isa = PBXBuildFile; fileRef = A9B0AF59247E6567002FB5B6 /* AttendanceCollectionViewCell.swift */; };
		A9B0AF5C247E6567002FB5B6 /* AttendanceCollectionViewCell.xib in Resources */ = {isa = PBXBuildFile; fileRef = A9B0AF5A247E6567002FB5B6 /* AttendanceCollectionViewCell.xib */; };
		A9D18D0F247B792D00ADE51B /* ProfileViewController.swift in Sources */ = {isa = PBXBuildFile; fileRef = A9D18D0E247B792D00ADE51B /* ProfileViewController.swift */; };
		A9D18D12247B854A00ADE51B /* ProfileTableViewCell.swift in Sources */ = {isa = PBXBuildFile; fileRef = A9D18D10247B854A00ADE51B /* ProfileTableViewCell.swift */; };
		A9D18D13247B854A00ADE51B /* ProfileTableViewCell.xib in Resources */ = {isa = PBXBuildFile; fileRef = A9D18D11247B854A00ADE51B /* ProfileTableViewCell.xib */; };
		A9D1A34B24777BE10011E02D /* LoginService.swift in Sources */ = {isa = PBXBuildFile; fileRef = A9D1A34A24777BE10011E02D /* LoginService.swift */; };
		A9D1A34D24777BED0011E02D /* LoginViewModel.swift in Sources */ = {isa = PBXBuildFile; fileRef = A9D1A34C24777BED0011E02D /* LoginViewModel.swift */; };
		A9D1A34F247786860011E02D /* User.swift in Sources */ = {isa = PBXBuildFile; fileRef = A9D1A34E247786860011E02D /* User.swift */; };
		B1AA6A9DD53312ADEDA7B747 /* Pods_TurboTech.framework in Frameworks */ = {isa = PBXBuildFile; fileRef = E351938864D04FD57B4E9046 /* Pods_TurboTech.framework */; };
/* End PBXBuildFile section */

/* Begin PBXFileReference section */
		100506F12474D4F2008FDFC3 /* MenuCollectionViewCell.swift */ = {isa = PBXFileReference; lastKnownFileType = sourcecode.swift; path = MenuCollectionViewCell.swift; sourceTree = "<group>"; };
		100506F22474D4F2008FDFC3 /* MenuCollectionViewCell.xib */ = {isa = PBXFileReference; lastKnownFileType = file.xib; path = MenuCollectionViewCell.xib; sourceTree = "<group>"; };
		100506F52474D771008FDFC3 /* Menu.swift */ = {isa = PBXFileReference; lastKnownFileType = sourcecode.swift; path = Menu.swift; sourceTree = "<group>"; };
		100556C124738BD500B1F8BF /* Colors.swift */ = {isa = PBXFileReference; lastKnownFileType = sourcecode.swift; path = Colors.swift; sourceTree = "<group>"; };
		100556C32473912B00B1F8BF /* APIManager.swift */ = {isa = PBXFileReference; lastKnownFileType = sourcecode.swift; path = APIManager.swift; sourceTree = "<group>"; };
		1006D82F24763C1A000892ED /* View.swift */ = {isa = PBXFileReference; lastKnownFileType = sourcecode.swift; path = View.swift; sourceTree = "<group>"; };
		1006D83124766226000892ED /* tbt icon.xcassets */ = {isa = PBXFileReference; lastKnownFileType = folder.assetcatalog; path = "tbt icon.xcassets"; sourceTree = "<group>"; };
		1006D83324767152000892ED /* Product.swift */ = {isa = PBXFileReference; lastKnownFileType = sourcecode.swift; path = Product.swift; sourceTree = "<group>"; };
		1006D8352476715D000892ED /* Package.swift */ = {isa = PBXFileReference; lastKnownFileType = sourcecode.swift; path = Package.swift; sourceTree = "<group>"; };
		1006D839247672F6000892ED /* ProductViewModel.swift */ = {isa = PBXFileReference; lastKnownFileType = sourcecode.swift; path = ProductViewModel.swift; sourceTree = "<group>"; };
		1006D83B24767313000892ED /* ProductViewModelDelegate.swift */ = {isa = PBXFileReference; lastKnownFileType = sourcecode.swift; path = ProductViewModelDelegate.swift; sourceTree = "<group>"; };
		1006D83D24767322000892ED /* ProductService.swift */ = {isa = PBXFileReference; lastKnownFileType = sourcecode.swift; path = ProductService.swift; sourceTree = "<group>"; };
		1006D83F24767330000892ED /* ProductServiceDelegate.swift */ = {isa = PBXFileReference; lastKnownFileType = sourcecode.swift; path = ProductServiceDelegate.swift; sourceTree = "<group>"; };
		101FE96D24767EDF005AB106 /* PackageViewController.swift */ = {isa = PBXFileReference; lastKnownFileType = sourcecode.swift; path = PackageViewController.swift; sourceTree = "<group>"; };
		10200A30248D353A0024F086 /* TTTabBarViewController.swift */ = {isa = PBXFileReference; lastKnownFileType = sourcecode.swift; path = TTTabBarViewController.swift; sourceTree = "<group>"; };
		10200A33248E162E0024F086 /* RegisterServiceViewController.swift */ = {isa = PBXFileReference; lastKnownFileType = sourcecode.swift; path = RegisterServiceViewController.swift; sourceTree = "<group>"; };
		10200A35248E3D6A0024F086 /* Address.swift */ = {isa = PBXFileReference; lastKnownFileType = sourcecode.swift; path = Address.swift; sourceTree = "<group>"; };
		102A77112488F06600A657AD /* InternetConnection.swift */ = {isa = PBXFileReference; lastKnownFileType = sourcecode.swift; path = InternetConnection.swift; sourceTree = "<group>"; };
		102D3960249098470039BC3E /* CRMService.swift */ = {isa = PBXFileReference; lastKnownFileType = sourcecode.swift; path = CRMService.swift; sourceTree = "<group>"; };
		102D3963249098740039BC3E /* CRMViewModel.swift */ = {isa = PBXFileReference; lastKnownFileType = sourcecode.swift; path = CRMViewModel.swift; sourceTree = "<group>"; };
		103F3E4F2477B55900367024 /* PackageDetailTableViewCell.swift */ = {isa = PBXFileReference; lastKnownFileType = sourcecode.swift; path = PackageDetailTableViewCell.swift; sourceTree = "<group>"; };
		103F3E502477B55900367024 /* PackageDetailTableViewCell.xib */ = {isa = PBXFileReference; lastKnownFileType = file.xib; path = PackageDetailTableViewCell.xib; sourceTree = "<group>"; };
		103F3E532477C56500367024 /* PackageDetailViewController.swift */ = {isa = PBXFileReference; lastKnownFileType = sourcecode.swift; path = PackageDetailViewController.swift; sourceTree = "<group>"; };
		1045AA1D247B5031003A79E9 /* PackageDetailHeaderView.swift */ = {isa = PBXFileReference; lastKnownFileType = sourcecode.swift; path = PackageDetailHeaderView.swift; sourceTree = "<group>"; };
		1045AA24247B55E3003A79E9 /* PackageDetailHeaderView.xib */ = {isa = PBXFileReference; lastKnownFileType = file.xib; path = PackageDetailHeaderView.xib; sourceTree = "<group>"; };
		104AAE21247E9A4E00801A8F /* DepartmentStoryboard.storyboard */ = {isa = PBXFileReference; lastKnownFileType = file.storyboard; path = DepartmentStoryboard.storyboard; sourceTree = "<group>"; };
		104AAE27247E9B8D00801A8F /* AdminTableViewController.swift */ = {isa = PBXFileReference; lastKnownFileType = sourcecode.swift; path = AdminTableViewController.swift; sourceTree = "<group>"; };
		104AAE2B247E9DE000801A8F /* Department.swift */ = {isa = PBXFileReference; lastKnownFileType = sourcecode.swift; path = Department.swift; sourceTree = "<group>"; };
		104AAE2F247E9E8100801A8F /* department.json */ = {isa = PBXFileReference; lastKnownFileType = text.json; path = department.json; sourceTree = "<group>"; };
		104AAE31247EA0B100801A8F /* DepartmentTableViewController.swift */ = {isa = PBXFileReference; lastKnownFileType = sourcecode.swift; path = DepartmentTableViewController.swift; sourceTree = "<group>"; };
		105226F6247E1E5E007B7B29 /* CustomizeNavTab.swift */ = {isa = PBXFileReference; lastKnownFileType = sourcecode.swift; path = CustomizeNavTab.swift; sourceTree = "<group>"; };
		105226F9247E2382007B7B29 /* SpeedTestViewController.swift */ = {isa = PBXFileReference; lastKnownFileType = sourcecode.swift; path = SpeedTestViewController.swift; sourceTree = "<group>"; };
		105226FB247E59F8007B7B29 /* PopLocationViewController.swift */ = {isa = PBXFileReference; lastKnownFileType = sourcecode.swift; path = PopLocationViewController.swift; sourceTree = "<group>"; };
		10670005247E0240002E283E /* UserLocationViewController.swift */ = {isa = PBXFileReference; lastKnownFileType = sourcecode.swift; path = UserLocationViewController.swift; sourceTree = "<group>"; };
		1077A064249070810062EBFB /* Validation.swift */ = {isa = PBXFileReference; lastKnownFileType = sourcecode.swift; path = Validation.swift; sourceTree = "<group>"; };
		1077A066249087690062EBFB /* PackageCRMViewController.swift */ = {isa = PBXFileReference; lastKnownFileType = sourcecode.swift; path = PackageCRMViewController.swift; sourceTree = "<group>"; };
		1077A06824908C250062EBFB /* PackageCRMCellTableViewCell.swift */ = {isa = PBXFileReference; lastKnownFileType = sourcecode.swift; path = PackageCRMCellTableViewCell.swift; sourceTree = "<group>"; };
		1077A06924908C250062EBFB /* PackageCRMCellTableViewCell.xib */ = {isa = PBXFileReference; lastKnownFileType = file.xib; path = PackageCRMCellTableViewCell.xib; sourceTree = "<group>"; };
		108848C4247CA44A0034579A /* HelpDeskService.swift */ = {isa = PBXFileReference; lastKnownFileType = sourcecode.swift; path = HelpDeskService.swift; sourceTree = "<group>"; };
		108848C6247CA4560034579A /* HelpDeskViewModel.swift */ = {isa = PBXFileReference; lastKnownFileType = sourcecode.swift; path = HelpDeskViewModel.swift; sourceTree = "<group>"; };
		108848C8247CA4610034579A /* HelpDesk.swift */ = {isa = PBXFileReference; lastKnownFileType = sourcecode.swift; path = HelpDesk.swift; sourceTree = "<group>"; };
		108848CA247CB8CB0034579A /* FAQsTableViewController.swift */ = {isa = PBXFileReference; lastKnownFileType = sourcecode.swift; path = FAQsTableViewController.swift; sourceTree = "<group>"; };
		108848CD247CB9150034579A /* FAQsTableViewCell.swift */ = {isa = PBXFileReference; lastKnownFileType = sourcecode.swift; path = FAQsTableViewCell.swift; sourceTree = "<group>"; };
		108848CE247CB9150034579A /* FAQsTableViewCell.xib */ = {isa = PBXFileReference; lastKnownFileType = file.xib; path = FAQsTableViewCell.xib; sourceTree = "<group>"; };
		108848D2247CB91E0034579A /* FAQsTableViewHeader.xib */ = {isa = PBXFileReference; lastKnownFileType = file.xib; path = FAQsTableViewHeader.xib; sourceTree = "<group>"; };
		108848D5247CB9430034579A /* FAQsTableViewHeader.swift */ = {isa = PBXFileReference; lastKnownFileType = sourcecode.swift; path = FAQsTableViewHeader.swift; sourceTree = "<group>"; };
		108848D7247CBADD0034579A /* SupportQuestion.swift */ = {isa = PBXFileReference; lastKnownFileType = sourcecode.swift; path = SupportQuestion.swift; sourceTree = "<group>"; };
		1089359C248F667A00D8CF84 /* RequestCRM.swift */ = {isa = PBXFileReference; lastKnownFileType = sourcecode.swift; path = RequestCRM.swift; sourceTree = "<group>"; };
		1095651B2477717E000C286B /* PackageDetail.swift */ = {isa = PBXFileReference; lastKnownFileType = sourcecode.swift; path = PackageDetail.swift; sourceTree = "<group>"; };
		10BBF920247CFCCA008DCF3A /* POP.swift */ = {isa = PBXFileReference; lastKnownFileType = sourcecode.swift; path = POP.swift; sourceTree = "<group>"; };
		10BBF924247CFDF8008DCF3A /* SaleService.swift */ = {isa = PBXFileReference; lastKnownFileType = sourcecode.swift; path = SaleService.swift; sourceTree = "<group>"; };
		10BBF926247CFE03008DCF3A /* SaleViewModel.swift */ = {isa = PBXFileReference; lastKnownFileType = sourcecode.swift; path = SaleViewModel.swift; sourceTree = "<group>"; };
		10BE73B4247365A4001EFD43 /* TurboTech.app */ = {isa = PBXFileReference; explicitFileType = wrapper.application; includeInIndex = 0; path = TurboTech.app; sourceTree = BUILT_PRODUCTS_DIR; };
		10BE73B7247365A4001EFD43 /* AppDelegate.swift */ = {isa = PBXFileReference; lastKnownFileType = sourcecode.swift; path = AppDelegate.swift; sourceTree = "<group>"; };
		10BE73B9247365A4001EFD43 /* SceneDelegate.swift */ = {isa = PBXFileReference; lastKnownFileType = sourcecode.swift; path = SceneDelegate.swift; sourceTree = "<group>"; };
		10BE73BB247365A4001EFD43 /* ViewController.swift */ = {isa = PBXFileReference; lastKnownFileType = sourcecode.swift; path = ViewController.swift; sourceTree = "<group>"; };
		10BE73C0247365A4001EFD43 /* Assets.xcassets */ = {isa = PBXFileReference; lastKnownFileType = folder.assetcatalog; path = Assets.xcassets; sourceTree = "<group>"; };
		10BE73C5247365A4001EFD43 /* Info.plist */ = {isa = PBXFileReference; lastKnownFileType = text.plist.xml; path = Info.plist; sourceTree = "<group>"; };
		10BE73E324736EDA001EFD43 /* AboutUsViewController.swift */ = {isa = PBXFileReference; lastKnownFileType = sourcecode.swift; path = AboutUsViewController.swift; sourceTree = "<group>"; };
		10BE73E824737186001EFD43 /* LocationViewController.swift */ = {isa = PBXFileReference; lastKnownFileType = sourcecode.swift; path = LocationViewController.swift; sourceTree = "<group>"; };
		10BE73EB247371FA001EFD43 /* HomeStoryboard.storyboard */ = {isa = PBXFileReference; lastKnownFileType = file.storyboard; path = HomeStoryboard.storyboard; sourceTree = "<group>"; };
		10BE73ED24737206001EFD43 /* HomeViewController.swift */ = {isa = PBXFileReference; lastKnownFileType = sourcecode.swift; path = HomeViewController.swift; sourceTree = "<group>"; };
		10BE73EF24737293001EFD43 /* LocationsStoryboard.storyboard */ = {isa = PBXFileReference; lastKnownFileType = file.storyboard; path = LocationsStoryboard.storyboard; sourceTree = "<group>"; };
		10BE73F2247372BF001EFD43 /* AboutUsStoryboard.storyboard */ = {isa = PBXFileReference; lastKnownFileType = file.storyboard; path = AboutUsStoryboard.storyboard; sourceTree = "<group>"; };
		10BE73F5247372FC001EFD43 /* MessageStoryboard.storyboard */ = {isa = PBXFileReference; lastKnownFileType = file.storyboard; path = MessageStoryboard.storyboard; sourceTree = "<group>"; };
		10BE73F724737309001EFD43 /* MessageViewController.swift */ = {isa = PBXFileReference; lastKnownFileType = sourcecode.swift; path = MessageViewController.swift; sourceTree = "<group>"; };
		10CFC1BE247F49670059AD63 /* SaleTableViewController.swift */ = {isa = PBXFileReference; lastKnownFileType = sourcecode.swift; path = SaleTableViewController.swift; sourceTree = "<group>"; };
		10CFC1C0247F49710059AD63 /* FinanceTableViewController.swift */ = {isa = PBXFileReference; lastKnownFileType = sourcecode.swift; path = FinanceTableViewController.swift; sourceTree = "<group>"; };
		10CFC1C4247F53120059AD63 /* DeviceTableViewController.swift */ = {isa = PBXFileReference; lastKnownFileType = sourcecode.swift; path = DeviceTableViewController.swift; sourceTree = "<group>"; };
		10CFC1C6247F63950059AD63 /* Device.swift */ = {isa = PBXFileReference; lastKnownFileType = sourcecode.swift; path = Device.swift; sourceTree = "<group>"; };
		10CFC1C9247F67EF0059AD63 /* DeviceTableViewCell.swift */ = {isa = PBXFileReference; lastKnownFileType = sourcecode.swift; path = DeviceTableViewCell.swift; sourceTree = "<group>"; };
		10CFC1CA247F67EF0059AD63 /* DeviceTableViewCell.xib */ = {isa = PBXFileReference; lastKnownFileType = file.xib; path = DeviceTableViewCell.xib; sourceTree = "<group>"; };
		10CFC1CD247F6B660059AD63 /* DeviceHeaderView.swift */ = {isa = PBXFileReference; lastKnownFileType = sourcecode.swift; path = DeviceHeaderView.swift; sourceTree = "<group>"; };
		10CFC1D2247F6EAC0059AD63 /* DeviceHeaderView.xib */ = {isa = PBXFileReference; lastKnownFileType = file.xib; path = DeviceHeaderView.xib; sourceTree = "<group>"; };
		10CFC1DA247FA9820059AD63 /* en */ = {isa = PBXFileReference; lastKnownFileType = text.plist.strings; name = en; path = en.lproj/Localizable.strings; sourceTree = "<group>"; };
		10CFC1DD247FAA390059AD63 /* LanguageManager.swift */ = {isa = PBXFileReference; lastKnownFileType = sourcecode.swift; path = LanguageManager.swift; sourceTree = "<group>"; };
		10CFC1DF247FAF6A0059AD63 /* km */ = {isa = PBXFileReference; lastKnownFileType = file.storyboard; name = km; path = km.lproj/Main.storyboard; sourceTree = "<group>"; };
		10CFC1E0247FAF6B0059AD63 /* km */ = {isa = PBXFileReference; lastKnownFileType = file.storyboard; name = km; path = km.lproj/LaunchScreen.storyboard; sourceTree = "<group>"; };
		10CFC1E3247FB1EB0059AD63 /* Base */ = {isa = PBXFileReference; lastKnownFileType = file.storyboard; name = Base; path = Base.lproj/LaunchScreen.storyboard; sourceTree = "<group>"; };
		10CFC1E4247FB1EB0059AD63 /* Base */ = {isa = PBXFileReference; lastKnownFileType = file.storyboard; name = Base; path = Base.lproj/Main.storyboard; sourceTree = "<group>"; };
		10CFC1E5247FB1FF0059AD63 /* km */ = {isa = PBXFileReference; lastKnownFileType = text.plist.strings; name = km; path = km.lproj/LaunchScreen.strings; sourceTree = "<group>"; };
		10CFC1E6247FB2010059AD63 /* km */ = {isa = PBXFileReference; lastKnownFileType = text.plist.strings; name = km; path = km.lproj/Main.strings; sourceTree = "<group>"; };
		10CFC1E7247FB20E0059AD63 /* km */ = {isa = PBXFileReference; lastKnownFileType = text.plist.strings; name = km; path = km.lproj/Localizable.strings; sourceTree = "<group>"; };
		10D17EEF247619E10095E0AF /* ProductViewController.swift */ = {isa = PBXFileReference; lastKnownFileType = sourcecode.swift; path = ProductViewController.swift; sourceTree = "<group>"; };
		10D17EF22476203E0095E0AF /* Quicksand Medium 500.ttf */ = {isa = PBXFileReference; lastKnownFileType = file; path = "Quicksand Medium 500.ttf"; sourceTree = "<group>"; };
		10D17EF32476203E0095E0AF /* Quicksand Bold 700.ttf */ = {isa = PBXFileReference; lastKnownFileType = file; path = "Quicksand Bold 700.ttf"; sourceTree = "<group>"; };
		10D17EF42476203E0095E0AF /* Quicksand Regular 400.ttf */ = {isa = PBXFileReference; lastKnownFileType = file; path = "Quicksand Regular 400.ttf"; sourceTree = "<group>"; };
		10D17EF52476203E0095E0AF /* Quicksand Light 300.ttf */ = {isa = PBXFileReference; lastKnownFileType = file; path = "Quicksand Light 300.ttf"; sourceTree = "<group>"; };
		10D17EFA247624930095E0AF /* SubMenuTableViewCell.swift */ = {isa = PBXFileReference; lastKnownFileType = sourcecode.swift; path = SubMenuTableViewCell.swift; sourceTree = "<group>"; };
		10D17EFB247624930095E0AF /* SubMenuTableViewCell.xib */ = {isa = PBXFileReference; lastKnownFileType = file.xib; path = SubMenuTableViewCell.xib; sourceTree = "<group>"; };
		10E7F38C247B73360082901F /* HelpDeskViewController.swift */ = {isa = PBXFileReference; lastKnownFileType = sourcecode.swift; path = HelpDeskViewController.swift; sourceTree = "<group>"; };
		10E7F38E247B751F0082901F /* SoftwareSolution.swift */ = {isa = PBXFileReference; lastKnownFileType = sourcecode.swift; path = SoftwareSolution.swift; sourceTree = "<group>"; };
		10E7F390247B7D380082901F /* WebApplicationViewController.swift */ = {isa = PBXFileReference; lastKnownFileType = sourcecode.swift; path = WebApplicationViewController.swift; sourceTree = "<group>"; };
		10E7F392247B86950082901F /* FeedBackViewController.swift */ = {isa = PBXFileReference; lastKnownFileType = sourcecode.swift; path = FeedBackViewController.swift; sourceTree = "<group>"; };
		5D159C71FC16C93B21108A19 /* Pods-TurboTech.debug.xcconfig */ = {isa = PBXFileReference; includeInIndex = 1; lastKnownFileType = text.xcconfig; name = "Pods-TurboTech.debug.xcconfig"; path = "Target Support Files/Pods-TurboTech/Pods-TurboTech.debug.xcconfig"; sourceTree = "<group>"; };
		A909CA992474C03D00546CFC /* LoginViewController.swift */ = {isa = PBXFileReference; lastKnownFileType = sourcecode.swift; path = LoginViewController.swift; sourceTree = "<group>"; };
		A909CA9A2474C03D00546CFC /* LoginViewController.xib */ = {isa = PBXFileReference; lastKnownFileType = file.xib; path = LoginViewController.xib; sourceTree = "<group>"; };
		A960AC1F247DFD0B00E844E2 /* DepartmentTableViewCell.swift */ = {isa = PBXFileReference; lastKnownFileType = sourcecode.swift; path = DepartmentTableViewCell.swift; sourceTree = "<group>"; };
		A960AC20247DFD0B00E844E2 /* DepartmentTableViewCell.xib */ = {isa = PBXFileReference; lastKnownFileType = file.xib; path = DepartmentTableViewCell.xib; sourceTree = "<group>"; };
		A960AC23247E082400E844E2 /* DepartmentViewController.swift */ = {isa = PBXFileReference; lastKnownFileType = sourcecode.swift; path = DepartmentViewController.swift; sourceTree = "<group>"; };
		A9B0AF57247E64CF002FB5B6 /* AttendanceViewController.swift */ = {isa = PBXFileReference; lastKnownFileType = sourcecode.swift; path = AttendanceViewController.swift; sourceTree = "<group>"; };
		A9B0AF59247E6567002FB5B6 /* AttendanceCollectionViewCell.swift */ = {isa = PBXFileReference; lastKnownFileType = sourcecode.swift; path = AttendanceCollectionViewCell.swift; sourceTree = "<group>"; };
		A9B0AF5A247E6567002FB5B6 /* AttendanceCollectionViewCell.xib */ = {isa = PBXFileReference; lastKnownFileType = file.xib; path = AttendanceCollectionViewCell.xib; sourceTree = "<group>"; };
		A9D18D0E247B792D00ADE51B /* ProfileViewController.swift */ = {isa = PBXFileReference; lastKnownFileType = sourcecode.swift; path = ProfileViewController.swift; sourceTree = "<group>"; };
		A9D18D10247B854A00ADE51B /* ProfileTableViewCell.swift */ = {isa = PBXFileReference; lastKnownFileType = sourcecode.swift; path = ProfileTableViewCell.swift; sourceTree = "<group>"; };
		A9D18D11247B854A00ADE51B /* ProfileTableViewCell.xib */ = {isa = PBXFileReference; lastKnownFileType = file.xib; path = ProfileTableViewCell.xib; sourceTree = "<group>"; };
		A9D1A34A24777BE10011E02D /* LoginService.swift */ = {isa = PBXFileReference; lastKnownFileType = sourcecode.swift; path = LoginService.swift; sourceTree = "<group>"; };
		A9D1A34C24777BED0011E02D /* LoginViewModel.swift */ = {isa = PBXFileReference; lastKnownFileType = sourcecode.swift; path = LoginViewModel.swift; sourceTree = "<group>"; };
		A9D1A34E247786860011E02D /* User.swift */ = {isa = PBXFileReference; lastKnownFileType = sourcecode.swift; path = User.swift; sourceTree = "<group>"; };
		CB386C5446682C36934D3A76 /* Pods-TurboTech.release.xcconfig */ = {isa = PBXFileReference; includeInIndex = 1; lastKnownFileType = text.xcconfig; name = "Pods-TurboTech.release.xcconfig"; path = "Target Support Files/Pods-TurboTech/Pods-TurboTech.release.xcconfig"; sourceTree = "<group>"; };
		E351938864D04FD57B4E9046 /* Pods_TurboTech.framework */ = {isa = PBXFileReference; explicitFileType = wrapper.framework; includeInIndex = 0; path = Pods_TurboTech.framework; sourceTree = BUILT_PRODUCTS_DIR; };
/* End PBXFileReference section */

/* Begin PBXFrameworksBuildPhase section */
		10BE73B1247365A4001EFD43 /* Frameworks */ = {
			isa = PBXFrameworksBuildPhase;
			buildActionMask = 2147483647;
			files = (
				B1AA6A9DD53312ADEDA7B747 /* Pods_TurboTech.framework in Frameworks */,
			);
			runOnlyForDeploymentPostprocessing = 0;
		};
/* End PBXFrameworksBuildPhase section */

/* Begin PBXGroup section */
		100506ED2474D478008FDFC3 /* Cell */ = {
			isa = PBXGroup;
			children = (
				103F3E4E2477B41300367024 /* Package Detail Card */,
				100506F02474D4DC008FDFC3 /* Menu Cell */,
				10D17EFE247624970095E0AF /* Submenu Cell */,
				108848CC247CB8E00034579A /* FAQs */,
			);
			path = Cell;
			sourceTree = "<group>";
		};
		100506F02474D4DC008FDFC3 /* Menu Cell */ = {
			isa = PBXGroup;
			children = (
				100506F12474D4F2008FDFC3 /* MenuCollectionViewCell.swift */,
				100506F22474D4F2008FDFC3 /* MenuCollectionViewCell.xib */,
			);
			path = "Menu Cell";
			sourceTree = "<group>";
		};
		100556C024738BC200B1F8BF /* Utils */ = {
			isa = PBXGroup;
			children = (
				1077A0632490706D0062EBFB /* Validation */,
				105226F5247E1E39007B7B29 /* Navigation & Tab Bar */,
				10D17EF12476203E0095E0AF /* Fonts */,
				100556C124738BD500B1F8BF /* Colors.swift */,
				1006D82F24763C1A000892ED /* View.swift */,
			);
			path = Utils;
			sourceTree = "<group>";
		};
		1006D837247672B4000892ED /* ProductViewModel */ = {
			isa = PBXGroup;
			children = (
				1006D839247672F6000892ED /* ProductViewModel.swift */,
				1006D83B24767313000892ED /* ProductViewModelDelegate.swift */,
			);
			path = ProductViewModel;
			sourceTree = "<group>";
		};
		1006D838247672CF000892ED /* ProductService */ = {
			isa = PBXGroup;
			children = (
				1006D83D24767322000892ED /* ProductService.swift */,
				1006D83F24767330000892ED /* ProductServiceDelegate.swift */,
			);
			path = ProductService;
			sourceTree = "<group>";
		};
		10200A32248E16180024F086 /* CRM */ = {
			isa = PBXGroup;
			children = (
				1077A06C24908C470062EBFB /* cell */,
				10200A33248E162E0024F086 /* RegisterServiceViewController.swift */,
				1077A066249087690062EBFB /* PackageCRMViewController.swift */,
			);
			path = CRM;
			sourceTree = "<group>";
		};
		103F3E4E2477B41300367024 /* Package Detail Card */ = {
			isa = PBXGroup;
			children = (
				103F3E4F2477B55900367024 /* PackageDetailTableViewCell.swift */,
				103F3E502477B55900367024 /* PackageDetailTableViewCell.xib */,
				1045AA1D247B5031003A79E9 /* PackageDetailHeaderView.swift */,
				1045AA24247B55E3003A79E9 /* PackageDetailHeaderView.xib */,
			);
			path = "Package Detail Card";
			sourceTree = "<group>";
		};
		104AAE20247E9A3700801A8F /* Department */ = {
			isa = PBXGroup;
			children = (
				104AAE26247E9B0D00801A8F /* CEO-Admin */,
				104AAE23247E9AC100801A8F /* COO-Sale */,
				104AAE24247E9ACB00801A8F /* CFO-Finance */,
				104AAE25247E9AD100801A8F /* HR-Attendance */,
				104AAE21247E9A4E00801A8F /* DepartmentStoryboard.storyboard */,
				104AAE31247EA0B100801A8F /* DepartmentTableViewController.swift */,
			);
			path = Department;
			sourceTree = "<group>";
		};
		104AAE23247E9AC100801A8F /* COO-Sale */ = {
			isa = PBXGroup;
			children = (
				10200A32248E16180024F086 /* CRM */,
				10CFC1C8247F67CF0059AD63 /* Cell */,
				10CFC1BE247F49670059AD63 /* SaleTableViewController.swift */,
				105226FB247E59F8007B7B29 /* PopLocationViewController.swift */,
				10CFC1C4247F53120059AD63 /* DeviceTableViewController.swift */,
			);
			path = "COO-Sale";
			sourceTree = "<group>";
		};
		104AAE24247E9ACB00801A8F /* CFO-Finance */ = {
			isa = PBXGroup;
			children = (
				10CFC1C0247F49710059AD63 /* FinanceTableViewController.swift */,
			);
			path = "CFO-Finance";
			sourceTree = "<group>";
		};
		104AAE25247E9AD100801A8F /* HR-Attendance */ = {
			isa = PBXGroup;
			children = (
			);
			path = "HR-Attendance";
			sourceTree = "<group>";
		};
		104AAE26247E9B0D00801A8F /* CEO-Admin */ = {
			isa = PBXGroup;
			children = (
				104AAE27247E9B8D00801A8F /* AdminTableViewController.swift */,
			);
			path = "CEO-Admin";
			sourceTree = "<group>";
		};
		104AAE2D247E9E5200801A8F /* DepartmentService */ = {
			isa = PBXGroup;
			children = (
				104AAE2F247E9E8100801A8F /* department.json */,
			);
			path = DepartmentService;
			sourceTree = "<group>";
		};
		104AAE2E247E9E5B00801A8F /* DepartmentViewModel */ = {
			isa = PBXGroup;
			children = (
			);
			path = DepartmentViewModel;
			sourceTree = "<group>";
		};
		105226F5247E1E39007B7B29 /* Navigation & Tab Bar */ = {
			isa = PBXGroup;
			children = (
				105226F6247E1E5E007B7B29 /* CustomizeNavTab.swift */,
			);
			path = "Navigation & Tab Bar";
			sourceTree = "<group>";
		};
		105226F8247E236F007B7B29 /* Speed Test */ = {
			isa = PBXGroup;
			children = (
				105226F9247E2382007B7B29 /* SpeedTestViewController.swift */,
			);
			path = "Speed Test";
			sourceTree = "<group>";
		};
		1077A0632490706D0062EBFB /* Validation */ = {
			isa = PBXGroup;
			children = (
				1077A064249070810062EBFB /* Validation.swift */,
			);
			path = Validation;
			sourceTree = "<group>";
		};
		1077A06C24908C470062EBFB /* cell */ = {
			isa = PBXGroup;
			children = (
				1077A06824908C250062EBFB /* PackageCRMCellTableViewCell.swift */,
				1077A06924908C250062EBFB /* PackageCRMCellTableViewCell.xib */,
			);
			path = cell;
			sourceTree = "<group>";
		};
		108848C2247CA40E0034579A /* HelpDeskService */ = {
			isa = PBXGroup;
			children = (
				108848C4247CA44A0034579A /* HelpDeskService.swift */,
			);
			path = HelpDeskService;
			sourceTree = "<group>";
		};
		108848C3247CA42D0034579A /* HelpDeskViewModel */ = {
			isa = PBXGroup;
			children = (
				108848C6247CA4560034579A /* HelpDeskViewModel.swift */,
			);
			path = HelpDeskViewModel;
			sourceTree = "<group>";
		};
		108848CC247CB8E00034579A /* FAQs */ = {
			isa = PBXGroup;
			children = (
				108848CD247CB9150034579A /* FAQsTableViewCell.swift */,
				108848CE247CB9150034579A /* FAQsTableViewCell.xib */,
				108848D5247CB9430034579A /* FAQsTableViewHeader.swift */,
				108848D2247CB91E0034579A /* FAQsTableViewHeader.xib */,
			);
			path = FAQs;
			sourceTree = "<group>";
		};
		108848D9247CCDE60034579A /* Location */ = {
			isa = PBXGroup;
			children = (
				10670005247E0240002E283E /* UserLocationViewController.swift */,
			);
			path = Location;
			sourceTree = "<group>";
		};
		108848DC247CCE800034579A /* Help Desk */ = {
			isa = PBXGroup;
			children = (
				10E7F38C247B73360082901F /* HelpDeskViewController.swift */,
				10E7F392247B86950082901F /* FeedBackViewController.swift */,
				108848CA247CB8CB0034579A /* FAQsTableViewController.swift */,
			);
			path = "Help Desk";
			sourceTree = "<group>";
		};
		108848DD247CCE940034579A /* Product */ = {
			isa = PBXGroup;
			children = (
				10D17EEF247619E10095E0AF /* ProductViewController.swift */,
				101FE96D24767EDF005AB106 /* PackageViewController.swift */,
				103F3E532477C56500367024 /* PackageDetailViewController.swift */,
				10E7F390247B7D380082901F /* WebApplicationViewController.swift */,
			);
			path = Product;
			sourceTree = "<group>";
		};
		10BBF922247CFDD7008DCF3A /* SaleService */ = {
			isa = PBXGroup;
			children = (
				102D3960249098470039BC3E /* CRMService.swift */,
				10BBF924247CFDF8008DCF3A /* SaleService.swift */,
			);
			path = SaleService;
			sourceTree = "<group>";
		};
		10BBF923247CFDE3008DCF3A /* SaleViewModel */ = {
			isa = PBXGroup;
			children = (
				102D3963249098740039BC3E /* CRMViewModel.swift */,
				10BBF926247CFE03008DCF3A /* SaleViewModel.swift */,
			);
			path = SaleViewModel;
			sourceTree = "<group>";
		};
		10BE73AB247365A4001EFD43 = {
			isa = PBXGroup;
			children = (
				10BE73B6247365A4001EFD43 /* TurboTech */,
				10BE73B5247365A4001EFD43 /* Products */,
				7B2AF96E4D5B467BA92A8E75 /* Pods */,
				E46FFA7F85DB145D610B0A72 /* Frameworks */,
			);
			sourceTree = "<group>";
		};
		10BE73B5247365A4001EFD43 /* Products */ = {
			isa = PBXGroup;
			children = (
				10BE73B4247365A4001EFD43 /* TurboTech.app */,
			);
			name = Products;
			sourceTree = "<group>";
		};
		10BE73B6247365A4001EFD43 /* TurboTech */ = {
			isa = PBXGroup;
			children = (
				100556C024738BC200B1F8BF /* Utils */,
				10BE73D12473666B001EFD43 /* Configuration */,
				10BE73CB247365E3001EFD43 /* Models */,
				10BE73CD247365F5001EFD43 /* Services */,
				10BE73CE247365FB001EFD43 /* View Models */,
				10BE73CC247365EE001EFD43 /* Views */,
				10BE73CF24736614001EFD43 /* Supporting Files */,
				10BE73C5247365A4001EFD43 /* Info.plist */,
			);
			path = TurboTech;
			sourceTree = "<group>";
		};
		10BE73CB247365E3001EFD43 /* Models */ = {
			isa = PBXGroup;
			children = (
				100506F52474D771008FDFC3 /* Menu.swift */,
				1006D83324767152000892ED /* Product.swift */,
				1006D8352476715D000892ED /* Package.swift */,
				1095651B2477717E000C286B /* PackageDetail.swift */,
				10E7F38E247B751F0082901F /* SoftwareSolution.swift */,
				108848C8247CA4610034579A /* HelpDesk.swift */,
				108848D7247CBADD0034579A /* SupportQuestion.swift */,
				10BBF920247CFCCA008DCF3A /* POP.swift */,
				A9D1A34E247786860011E02D /* User.swift */,
				104AAE2B247E9DE000801A8F /* Department.swift */,
				10CFC1C6247F63950059AD63 /* Device.swift */,
				10200A35248E3D6A0024F086 /* Address.swift */,
				1089359C248F667A00D8CF84 /* RequestCRM.swift */,
			);
			path = Models;
			sourceTree = "<group>";
		};
		10BE73CC247365EE001EFD43 /* Views */ = {
			isa = PBXGroup;
			children = (
				104AAE20247E9A3700801A8F /* Department */,
				10BE73EA247371DB001EFD43 /* Home */,
				10BE73E52473715F001EFD43 /* Locations */,
				10BE73F4247372EF001EFD43 /* Messages */,
				10BE73E024736EB2001EFD43 /* About Us */,
				10BE73D02473662B001EFD43 /* Main */,
			);
			path = Views;
			sourceTree = "<group>";
		};
		10BE73CD247365F5001EFD43 /* Services */ = {
			isa = PBXGroup;
			children = (
				104AAE2D247E9E5200801A8F /* DepartmentService */,
				10BBF922247CFDD7008DCF3A /* SaleService */,
				108848C2247CA40E0034579A /* HelpDeskService */,
				A9D1A34824777BC10011E02D /* LoginService */,
				1006D838247672CF000892ED /* ProductService */,
			);
			path = Services;
			sourceTree = "<group>";
		};
		10BE73CE247365FB001EFD43 /* View Models */ = {
			isa = PBXGroup;
			children = (
				104AAE2E247E9E5B00801A8F /* DepartmentViewModel */,
				10BBF923247CFDE3008DCF3A /* SaleViewModel */,
				108848C3247CA42D0034579A /* HelpDeskViewModel */,
				A9D1A34924777BCC0011E02D /* LoginViewModel */,
				1006D837247672B4000892ED /* ProductViewModel */,
			);
			path = "View Models";
			sourceTree = "<group>";
		};
		10BE73CF24736614001EFD43 /* Supporting Files */ = {
			isa = PBXGroup;
			children = (
				10BE73B7247365A4001EFD43 /* AppDelegate.swift */,
				10BE73B9247365A4001EFD43 /* SceneDelegate.swift */,
				10BE73C0247365A4001EFD43 /* Assets.xcassets */,
				1006D83124766226000892ED /* tbt icon.xcassets */,
			);
			path = "Supporting Files";
			sourceTree = "<group>";
		};
		10BE73D02473662B001EFD43 /* Main */ = {
			isa = PBXGroup;
			children = (
				10BE73C2247365A4001EFD43 /* LaunchScreen.storyboard */,
				10BE73BB247365A4001EFD43 /* ViewController.swift */,
				10BE73BD247365A4001EFD43 /* Main.storyboard */,
				10200A30248D353A0024F086 /* TTTabBarViewController.swift */,
			);
			path = Main;
			sourceTree = "<group>";
		};
		10BE73D12473666B001EFD43 /* Configuration */ = {
			isa = PBXGroup;
			children = (
				100556C32473912B00B1F8BF /* APIManager.swift */,
				10CFC1DB247FA9820059AD63 /* Localizable.strings */,
				10CFC1DD247FAA390059AD63 /* LanguageManager.swift */,
				102A77112488F06600A657AD /* InternetConnection.swift */,
			);
			path = Configuration;
			sourceTree = "<group>";
		};
		10BE73E024736EB2001EFD43 /* About Us */ = {
			isa = PBXGroup;
			children = (
				10BE73F2247372BF001EFD43 /* AboutUsStoryboard.storyboard */,
				10BE73E324736EDA001EFD43 /* AboutUsViewController.swift */,
				A9D18D0E247B792D00ADE51B /* ProfileViewController.swift */,
				A9D18D10247B854A00ADE51B /* ProfileTableViewCell.swift */,
				A9D18D11247B854A00ADE51B /* ProfileTableViewCell.xib */,
				A960AC23247E082400E844E2 /* DepartmentViewController.swift */,
				A960AC1F247DFD0B00E844E2 /* DepartmentTableViewCell.swift */,
				A960AC20247DFD0B00E844E2 /* DepartmentTableViewCell.xib */,
				A909CA992474C03D00546CFC /* LoginViewController.swift */,
				A909CA9A2474C03D00546CFC /* LoginViewController.xib */,
				A9B0AF57247E64CF002FB5B6 /* AttendanceViewController.swift */,
				A9B0AF59247E6567002FB5B6 /* AttendanceCollectionViewCell.swift */,
				A9B0AF5A247E6567002FB5B6 /* AttendanceCollectionViewCell.xib */,
			);
			path = "About Us";
			sourceTree = "<group>";
		};
		10BE73E52473715F001EFD43 /* Locations */ = {
			isa = PBXGroup;
			children = (
				10BE73EF24737293001EFD43 /* LocationsStoryboard.storyboard */,
				10BE73E824737186001EFD43 /* LocationViewController.swift */,
			);
			path = Locations;
			sourceTree = "<group>";
		};
		10BE73EA247371DB001EFD43 /* Home */ = {
			isa = PBXGroup;
			children = (
				105226F8247E236F007B7B29 /* Speed Test */,
				108848DD247CCE940034579A /* Product */,
				108848DC247CCE800034579A /* Help Desk */,
				108848D9247CCDE60034579A /* Location */,
				100506ED2474D478008FDFC3 /* Cell */,
				10BE73EB247371FA001EFD43 /* HomeStoryboard.storyboard */,
				10BE73ED24737206001EFD43 /* HomeViewController.swift */,
			);
			path = Home;
			sourceTree = "<group>";
		};
		10BE73F4247372EF001EFD43 /* Messages */ = {
			isa = PBXGroup;
			children = (
				10BE73F5247372FC001EFD43 /* MessageStoryboard.storyboard */,
				10BE73F724737309001EFD43 /* MessageViewController.swift */,
			);
			path = Messages;
			sourceTree = "<group>";
		};
		10CFC1C8247F67CF0059AD63 /* Cell */ = {
			isa = PBXGroup;
			children = (
				10CFC1C9247F67EF0059AD63 /* DeviceTableViewCell.swift */,
				10CFC1CA247F67EF0059AD63 /* DeviceTableViewCell.xib */,
				10CFC1CD247F6B660059AD63 /* DeviceHeaderView.swift */,
				10CFC1D2247F6EAC0059AD63 /* DeviceHeaderView.xib */,
			);
			path = Cell;
			sourceTree = "<group>";
		};
		10D17EF12476203E0095E0AF /* Fonts */ = {
			isa = PBXGroup;
			children = (
				10D17EF22476203E0095E0AF /* Quicksand Medium 500.ttf */,
				10D17EF32476203E0095E0AF /* Quicksand Bold 700.ttf */,
				10D17EF42476203E0095E0AF /* Quicksand Regular 400.ttf */,
				10D17EF52476203E0095E0AF /* Quicksand Light 300.ttf */,
			);
			path = Fonts;
			sourceTree = "<group>";
		};
		10D17EFE247624970095E0AF /* Submenu Cell */ = {
			isa = PBXGroup;
			children = (
				10D17EFA247624930095E0AF /* SubMenuTableViewCell.swift */,
				10D17EFB247624930095E0AF /* SubMenuTableViewCell.xib */,
			);
			path = "Submenu Cell";
			sourceTree = "<group>";
		};
		7B2AF96E4D5B467BA92A8E75 /* Pods */ = {
			isa = PBXGroup;
			children = (
				5D159C71FC16C93B21108A19 /* Pods-TurboTech.debug.xcconfig */,
				CB386C5446682C36934D3A76 /* Pods-TurboTech.release.xcconfig */,
			);
			path = Pods;
			sourceTree = "<group>";
		};
		A9D1A34824777BC10011E02D /* LoginService */ = {
			isa = PBXGroup;
			children = (
				A9D1A34A24777BE10011E02D /* LoginService.swift */,
			);
			path = LoginService;
			sourceTree = "<group>";
		};
		A9D1A34924777BCC0011E02D /* LoginViewModel */ = {
			isa = PBXGroup;
			children = (
				A9D1A34C24777BED0011E02D /* LoginViewModel.swift */,
			);
			path = LoginViewModel;
			sourceTree = "<group>";
		};
		E46FFA7F85DB145D610B0A72 /* Frameworks */ = {
			isa = PBXGroup;
			children = (
				E351938864D04FD57B4E9046 /* Pods_TurboTech.framework */,
			);
			name = Frameworks;
			sourceTree = "<group>";
		};
/* End PBXGroup section */

/* Begin PBXNativeTarget section */
		10BE73B3247365A4001EFD43 /* TurboTech */ = {
			isa = PBXNativeTarget;
			buildConfigurationList = 10BE73C8247365A4001EFD43 /* Build configuration list for PBXNativeTarget "TurboTech" */;
			buildPhases = (
				839CD9D36FDE4B579C26BE4D /* [CP] Check Pods Manifest.lock */,
				10BE73B0247365A4001EFD43 /* Sources */,
				10BE73B1247365A4001EFD43 /* Frameworks */,
				10BE73B2247365A4001EFD43 /* Resources */,
				3498448A05E6B5970CB6D011 /* [CP] Embed Pods Frameworks */,
				4F336E3B5CE6DE068A6AB199 /* [CP] Copy Pods Resources */,
			);
			buildRules = (
			);
			dependencies = (
			);
			name = TurboTech;
			productName = TurboTech;
			productReference = 10BE73B4247365A4001EFD43 /* TurboTech.app */;
			productType = "com.apple.product-type.application";
		};
/* End PBXNativeTarget section */

/* Begin PBXProject section */
		10BE73AC247365A4001EFD43 /* Project object */ = {
			isa = PBXProject;
			attributes = {
				LastSwiftUpdateCheck = 1120;
				LastUpgradeCheck = 1120;
				ORGANIZATIONNAME = TurboTech;
				TargetAttributes = {
					10BE73B3247365A4001EFD43 = {
						CreatedOnToolsVersion = 11.2.1;
					};
				};
			};
			buildConfigurationList = 10BE73AF247365A4001EFD43 /* Build configuration list for PBXProject "TurboTech" */;
			compatibilityVersion = "Xcode 9.3";
			developmentRegion = en;
			hasScannedForEncodings = 0;
			knownRegions = (
				en,
				km,
				Base,
			);
			mainGroup = 10BE73AB247365A4001EFD43;
			productRefGroup = 10BE73B5247365A4001EFD43 /* Products */;
			projectDirPath = "";
			projectRoot = "";
			targets = (
				10BE73B3247365A4001EFD43 /* TurboTech */,
			);
		};
/* End PBXProject section */

/* Begin PBXResourcesBuildPhase section */
		10BE73B2247365A4001EFD43 /* Resources */ = {
			isa = PBXResourcesBuildPhase;
			buildActionMask = 2147483647;
			files = (
				A909CA9C2474C03D00546CFC /* LoginViewController.xib in Resources */,
				10BE73F6247372FC001EFD43 /* MessageStoryboard.storyboard in Resources */,
				10D17EF92476203E0095E0AF /* Quicksand Light 300.ttf in Resources */,
				10BE73EC247371FA001EFD43 /* HomeStoryboard.storyboard in Resources */,
				10CFC1D9247FA9820059AD63 /* Localizable.strings in Resources */,
				1077A06B24908C250062EBFB /* PackageCRMCellTableViewCell.xib in Resources */,
				108848D0247CB9150034579A /* FAQsTableViewCell.xib in Resources */,
				104AAE22247E9A4E00801A8F /* DepartmentStoryboard.storyboard in Resources */,
				10D17EF82476203E0095E0AF /* Quicksand Regular 400.ttf in Resources */,
				A960AC22247DFD0B00E844E2 /* DepartmentTableViewCell.xib in Resources */,
				10BE73C4247365A4001EFD43 /* LaunchScreen.storyboard in Resources */,
				1045AA26247B55E3003A79E9 /* PackageDetailHeaderView.xib in Resources */,
				104AAE30247E9E8100801A8F /* department.json in Resources */,
				10CFC1D4247F6EAC0059AD63 /* DeviceHeaderView.xib in Resources */,
				10D17EF72476203E0095E0AF /* Quicksand Bold 700.ttf in Resources */,
				1006D83224766226000892ED /* tbt icon.xcassets in Resources */,
				10BE73F024737293001EFD43 /* LocationsStoryboard.storyboard in Resources */,
				10D17EFD247624930095E0AF /* SubMenuTableViewCell.xib in Resources */,
				10BE73F3247372BF001EFD43 /* AboutUsStoryboard.storyboard in Resources */,
				A9B0AF5C247E6567002FB5B6 /* AttendanceCollectionViewCell.xib in Resources */,
				10BE73C1247365A4001EFD43 /* Assets.xcassets in Resources */,
				108848D4247CB91E0034579A /* FAQsTableViewHeader.xib in Resources */,
				10D17EF62476203E0095E0AF /* Quicksand Medium 500.ttf in Resources */,
				10CFC1CC247F67EF0059AD63 /* DeviceTableViewCell.xib in Resources */,
				A9D18D13247B854A00ADE51B /* ProfileTableViewCell.xib in Resources */,
				10BE73BF247365A4001EFD43 /* Main.storyboard in Resources */,
				100506F42474D4F2008FDFC3 /* MenuCollectionViewCell.xib in Resources */,
				103F3E522477B55900367024 /* PackageDetailTableViewCell.xib in Resources */,
			);
			runOnlyForDeploymentPostprocessing = 0;
		};
/* End PBXResourcesBuildPhase section */

/* Begin PBXShellScriptBuildPhase section */
		3498448A05E6B5970CB6D011 /* [CP] Embed Pods Frameworks */ = {
			isa = PBXShellScriptBuildPhase;
			buildActionMask = 2147483647;
			files = (
			);
			inputFileListPaths = (
				"${PODS_ROOT}/Target Support Files/Pods-TurboTech/Pods-TurboTech-frameworks-${CONFIGURATION}-input-files.xcfilelist",
			);
			name = "[CP] Embed Pods Frameworks";
			outputFileListPaths = (
				"${PODS_ROOT}/Target Support Files/Pods-TurboTech/Pods-TurboTech-frameworks-${CONFIGURATION}-output-files.xcfilelist",
			);
			runOnlyForDeploymentPostprocessing = 0;
			shellPath = /bin/sh;
			shellScript = "\"${PODS_ROOT}/Target Support Files/Pods-TurboTech/Pods-TurboTech-frameworks.sh\"\n";
			showEnvVarsInLog = 0;
		};
		4F336E3B5CE6DE068A6AB199 /* [CP] Copy Pods Resources */ = {
			isa = PBXShellScriptBuildPhase;
			buildActionMask = 2147483647;
			files = (
			);
			inputFileListPaths = (
				"${PODS_ROOT}/Target Support Files/Pods-TurboTech/Pods-TurboTech-resources-${CONFIGURATION}-input-files.xcfilelist",
			);
			name = "[CP] Copy Pods Resources";
			outputFileListPaths = (
				"${PODS_ROOT}/Target Support Files/Pods-TurboTech/Pods-TurboTech-resources-${CONFIGURATION}-output-files.xcfilelist",
			);
			runOnlyForDeploymentPostprocessing = 0;
			shellPath = /bin/sh;
			shellScript = "\"${PODS_ROOT}/Target Support Files/Pods-TurboTech/Pods-TurboTech-resources.sh\"\n";
			showEnvVarsInLog = 0;
		};
		839CD9D36FDE4B579C26BE4D /* [CP] Check Pods Manifest.lock */ = {
			isa = PBXShellScriptBuildPhase;
			buildActionMask = 2147483647;
			files = (
			);
			inputFileListPaths = (
			);
			inputPaths = (
				"${PODS_PODFILE_DIR_PATH}/Podfile.lock",
				"${PODS_ROOT}/Manifest.lock",
			);
			name = "[CP] Check Pods Manifest.lock";
			outputFileListPaths = (
			);
			outputPaths = (
				"$(DERIVED_FILE_DIR)/Pods-TurboTech-checkManifestLockResult.txt",
			);
			runOnlyForDeploymentPostprocessing = 0;
			shellPath = /bin/sh;
			shellScript = "diff \"${PODS_PODFILE_DIR_PATH}/Podfile.lock\" \"${PODS_ROOT}/Manifest.lock\" > /dev/null\nif [ $? != 0 ] ; then\n    # print error to STDERR\n    echo \"error: The sandbox is not in sync with the Podfile.lock. Run 'pod install' or update your CocoaPods installation.\" >&2\n    exit 1\nfi\n# This output is used by Xcode 'outputs' to avoid re-running this script phase.\necho \"SUCCESS\" > \"${SCRIPT_OUTPUT_FILE_0}\"\n";
			showEnvVarsInLog = 0;
		};
/* End PBXShellScriptBuildPhase section */

/* Begin PBXSourcesBuildPhase section */
		10BE73B0247365A4001EFD43 /* Sources */ = {
			isa = PBXSourcesBuildPhase;
			buildActionMask = 2147483647;
			files = (
				1077A06A24908C250062EBFB /* PackageCRMCellTableViewCell.swift in Sources */,
				10E7F391247B7D380082901F /* WebApplicationViewController.swift in Sources */,
				1006D83024763C1A000892ED /* View.swift in Sources */,
				10CFC1BF247F49670059AD63 /* SaleTableViewController.swift in Sources */,
				10D17EF0247619E10095E0AF /* ProductViewController.swift in Sources */,
				108848CF247CB9150034579A /* FAQsTableViewCell.swift in Sources */,
				105226FA247E2382007B7B29 /* SpeedTestViewController.swift in Sources */,
				1089359D248F667A00D8CF84 /* RequestCRM.swift in Sources */,
				10670006247E0240002E283E /* UserLocationViewController.swift in Sources */,
				A960AC24247E082400E844E2 /* DepartmentViewController.swift in Sources */,
				1006D83024763C1A000892ED /* View.swift in Sources */,
				10D17EF0247619E10095E0AF /* ProductViewController.swift in Sources */,
				A9D18D0F247B792D00ADE51B /* ProfileViewController.swift in Sources */,
				1006D84024767330000892ED /* ProductServiceDelegate.swift in Sources */,
				1045AA1E247B5031003A79E9 /* PackageDetailHeaderView.swift in Sources */,
				10CFC1CB247F67EF0059AD63 /* DeviceTableViewCell.swift in Sources */,
				10CFC1DE247FAA390059AD63 /* LanguageManager.swift in Sources */,
				102D3961249098470039BC3E /* CRMService.swift in Sources */,
				10CFC1C5247F53120059AD63 /* DeviceTableViewController.swift in Sources */,
				100556C224738BD500B1F8BF /* Colors.swift in Sources */,
				10200A31248D353A0024F086 /* TTTabBarViewController.swift in Sources */,
				1077A067249087690062EBFB /* PackageCRMViewController.swift in Sources */,
				108848D6247CB9430034579A /* FAQsTableViewHeader.swift in Sources */,
				108848D8247CBADD0034579A /* SupportQuestion.swift in Sources */,
				10CFC1C7247F63950059AD63 /* Device.swift in Sources */,
				100506F62474D771008FDFC3 /* Menu.swift in Sources */,
				102D3964249098740039BC3E /* CRMViewModel.swift in Sources */,
				10E7F393247B86950082901F /* FeedBackViewController.swift in Sources */,
				100556C42473912B00B1F8BF /* APIManager.swift in Sources */,
				10BE73E924737186001EFD43 /* LocationViewController.swift in Sources */,
				108848C9247CA4610034579A /* HelpDesk.swift in Sources */,
				A9D1A34F247786860011E02D /* User.swift in Sources */,
				100556C42473912B00B1F8BF /* APIManager.swift in Sources */,
				10BE73E924737186001EFD43 /* LocationViewController.swift in Sources */,
				105226FC247E59F8007B7B29 /* PopLocationViewController.swift in Sources */,
				A9B0AF5B247E6567002FB5B6 /* AttendanceCollectionViewCell.swift in Sources */,
				A9D1A34D24777BED0011E02D /* LoginViewModel.swift in Sources */,
				1006D83A247672F6000892ED /* ProductViewModel.swift in Sources */,
				10BE73E424736EDA001EFD43 /* AboutUsViewController.swift in Sources */,
				103F3E512477B55900367024 /* PackageDetailTableViewCell.swift in Sources */,
				10BBF925247CFDF8008DCF3A /* SaleService.swift in Sources */,
				108848C7247CA4560034579A /* HelpDeskViewModel.swift in Sources */,
				1077A065249070810062EBFB /* Validation.swift in Sources */,
				10BE73BC247365A4001EFD43 /* ViewController.swift in Sources */,
				104AAE2C247E9DE000801A8F /* Department.swift in Sources */,
				10BBF921247CFCCA008DCF3A /* POP.swift in Sources */,
				10CFC1CE247F6B660059AD63 /* DeviceHeaderView.swift in Sources */,
				108848C5247CA44A0034579A /* HelpDeskService.swift in Sources */,
				104AAE28247E9B8D00801A8F /* AdminTableViewController.swift in Sources */,
				104AAE32247EA0B100801A8F /* DepartmentTableViewController.swift in Sources */,
				10BE73B8247365A4001EFD43 /* AppDelegate.swift in Sources */,
				105226F7247E1E5E007B7B29 /* CustomizeNavTab.swift in Sources */,
				A909CA9B2474C03D00546CFC /* LoginViewController.swift in Sources */,
				1006D83424767152000892ED /* Product.swift in Sources */,
				10200A36248E3D6A0024F086 /* Address.swift in Sources */,
				A9B0AF58247E64CF002FB5B6 /* AttendanceViewController.swift in Sources */,
				1006D8362476715D000892ED /* Package.swift in Sources */,
				10BE73BA247365A4001EFD43 /* SceneDelegate.swift in Sources */,
				103F3E542477C56500367024 /* PackageDetailViewController.swift in Sources */,
				10CFC1C1247F49710059AD63 /* FinanceTableViewController.swift in Sources */,
				10200A34248E162E0024F086 /* RegisterServiceViewController.swift in Sources */,
				1006D83C24767313000892ED /* ProductViewModelDelegate.swift in Sources */,
				108848CB247CB8CB0034579A /* FAQsTableViewController.swift in Sources */,
				100506F32474D4F2008FDFC3 /* MenuCollectionViewCell.swift in Sources */,
				1095651C2477717E000C286B /* PackageDetail.swift in Sources */,
				102A77122488F06600A657AD /* InternetConnection.swift in Sources */,
				10BBF927247CFE03008DCF3A /* SaleViewModel.swift in Sources */,
				10E7F38F247B751F0082901F /* SoftwareSolution.swift in Sources */,
				A9D18D12247B854A00ADE51B /* ProfileTableViewCell.swift in Sources */,
				A960AC21247DFD0B00E844E2 /* DepartmentTableViewCell.swift in Sources */,
				101FE96E24767EDF005AB106 /* PackageViewController.swift in Sources */,
				10D17EFC247624930095E0AF /* SubMenuTableViewCell.swift in Sources */,
				1006D83E24767322000892ED /* ProductService.swift in Sources */,
				A9D1A34B24777BE10011E02D /* LoginService.swift in Sources */,
				10BE73EE24737206001EFD43 /* HomeViewController.swift in Sources */,
				10BE73F824737309001EFD43 /* MessageViewController.swift in Sources */,
				10E7F38D247B73360082901F /* HelpDeskViewController.swift in Sources */,
			);
			runOnlyForDeploymentPostprocessing = 0;
		};
/* End PBXSourcesBuildPhase section */

/* Begin PBXVariantGroup section */
		10BE73BD247365A4001EFD43 /* Main.storyboard */ = {
			isa = PBXVariantGroup;
			children = (
				10CFC1DF247FAF6A0059AD63 /* km */,
				10CFC1E4247FB1EB0059AD63 /* Base */,
				10CFC1E6247FB2010059AD63 /* km */,
			);
			name = Main.storyboard;
			sourceTree = "<group>";
		};
		10BE73C2247365A4001EFD43 /* LaunchScreen.storyboard */ = {
			isa = PBXVariantGroup;
			children = (
				10CFC1E0247FAF6B0059AD63 /* km */,
				10CFC1E3247FB1EB0059AD63 /* Base */,
				10CFC1E5247FB1FF0059AD63 /* km */,
			);
			name = LaunchScreen.storyboard;
			sourceTree = "<group>";
		};
		10CFC1DB247FA9820059AD63 /* Localizable.strings */ = {
			isa = PBXVariantGroup;
			children = (
				10CFC1DA247FA9820059AD63 /* en */,
				10CFC1E7247FB20E0059AD63 /* km */,
			);
			name = Localizable.strings;
			sourceTree = "<group>";
		};
/* End PBXVariantGroup section */

/* Begin XCBuildConfiguration section */
		10BE73C6247365A4001EFD43 /* Debug */ = {
			isa = XCBuildConfiguration;
			buildSettings = {
				ALWAYS_SEARCH_USER_PATHS = NO;
				CLANG_ANALYZER_LOCALIZABILITY_NONLOCALIZED = YES;
				CLANG_ANALYZER_NONNULL = YES;
				CLANG_ANALYZER_NUMBER_OBJECT_CONVERSION = YES_AGGRESSIVE;
				CLANG_CXX_LANGUAGE_STANDARD = "gnu++14";
				CLANG_CXX_LIBRARY = "libc++";
				CLANG_ENABLE_MODULES = YES;
				CLANG_ENABLE_OBJC_ARC = YES;
				CLANG_ENABLE_OBJC_WEAK = YES;
				CLANG_WARN_BLOCK_CAPTURE_AUTORELEASING = YES;
				CLANG_WARN_BOOL_CONVERSION = YES;
				CLANG_WARN_COMMA = YES;
				CLANG_WARN_CONSTANT_CONVERSION = YES;
				CLANG_WARN_DEPRECATED_OBJC_IMPLEMENTATIONS = YES;
				CLANG_WARN_DIRECT_OBJC_ISA_USAGE = YES_ERROR;
				CLANG_WARN_DOCUMENTATION_COMMENTS = YES;
				CLANG_WARN_EMPTY_BODY = YES;
				CLANG_WARN_ENUM_CONVERSION = YES;
				CLANG_WARN_INFINITE_RECURSION = YES;
				CLANG_WARN_INT_CONVERSION = YES;
				CLANG_WARN_NON_LITERAL_NULL_CONVERSION = YES;
				CLANG_WARN_OBJC_IMPLICIT_RETAIN_SELF = YES;
				CLANG_WARN_OBJC_LITERAL_CONVERSION = YES;
				CLANG_WARN_OBJC_ROOT_CLASS = YES_ERROR;
				CLANG_WARN_RANGE_LOOP_ANALYSIS = YES;
				CLANG_WARN_STRICT_PROTOTYPES = YES;
				CLANG_WARN_SUSPICIOUS_MOVE = YES;
				CLANG_WARN_UNGUARDED_AVAILABILITY = YES_AGGRESSIVE;
				CLANG_WARN_UNREACHABLE_CODE = YES;
				CLANG_WARN__DUPLICATE_METHOD_MATCH = YES;
				COPY_PHASE_STRIP = NO;
				DEBUG_INFORMATION_FORMAT = dwarf;
				ENABLE_STRICT_OBJC_MSGSEND = YES;
				ENABLE_TESTABILITY = YES;
				GCC_C_LANGUAGE_STANDARD = gnu11;
				GCC_DYNAMIC_NO_PIC = NO;
				GCC_NO_COMMON_BLOCKS = YES;
				GCC_OPTIMIZATION_LEVEL = 0;
				GCC_PREPROCESSOR_DEFINITIONS = (
					"DEBUG=1",
					"$(inherited)",
				);
				GCC_WARN_64_TO_32_BIT_CONVERSION = YES;
				GCC_WARN_ABOUT_RETURN_TYPE = YES_ERROR;
				GCC_WARN_UNDECLARED_SELECTOR = YES;
				GCC_WARN_UNINITIALIZED_AUTOS = YES_AGGRESSIVE;
				GCC_WARN_UNUSED_FUNCTION = YES;
				GCC_WARN_UNUSED_VARIABLE = YES;
				IPHONEOS_DEPLOYMENT_TARGET = 13.2;
				MTL_ENABLE_DEBUG_INFO = INCLUDE_SOURCE;
				MTL_FAST_MATH = YES;
				ONLY_ACTIVE_ARCH = YES;
				SDKROOT = iphoneos;
				SWIFT_ACTIVE_COMPILATION_CONDITIONS = DEBUG;
				SWIFT_OPTIMIZATION_LEVEL = "-Onone";
			};
			name = Debug;
		};
		10BE73C7247365A4001EFD43 /* Release */ = {
			isa = XCBuildConfiguration;
			buildSettings = {
				ALWAYS_SEARCH_USER_PATHS = NO;
				CLANG_ANALYZER_LOCALIZABILITY_NONLOCALIZED = YES;
				CLANG_ANALYZER_NONNULL = YES;
				CLANG_ANALYZER_NUMBER_OBJECT_CONVERSION = YES_AGGRESSIVE;
				CLANG_CXX_LANGUAGE_STANDARD = "gnu++14";
				CLANG_CXX_LIBRARY = "libc++";
				CLANG_ENABLE_MODULES = YES;
				CLANG_ENABLE_OBJC_ARC = YES;
				CLANG_ENABLE_OBJC_WEAK = YES;
				CLANG_WARN_BLOCK_CAPTURE_AUTORELEASING = YES;
				CLANG_WARN_BOOL_CONVERSION = YES;
				CLANG_WARN_COMMA = YES;
				CLANG_WARN_CONSTANT_CONVERSION = YES;
				CLANG_WARN_DEPRECATED_OBJC_IMPLEMENTATIONS = YES;
				CLANG_WARN_DIRECT_OBJC_ISA_USAGE = YES_ERROR;
				CLANG_WARN_DOCUMENTATION_COMMENTS = YES;
				CLANG_WARN_EMPTY_BODY = YES;
				CLANG_WARN_ENUM_CONVERSION = YES;
				CLANG_WARN_INFINITE_RECURSION = YES;
				CLANG_WARN_INT_CONVERSION = YES;
				CLANG_WARN_NON_LITERAL_NULL_CONVERSION = YES;
				CLANG_WARN_OBJC_IMPLICIT_RETAIN_SELF = YES;
				CLANG_WARN_OBJC_LITERAL_CONVERSION = YES;
				CLANG_WARN_OBJC_ROOT_CLASS = YES_ERROR;
				CLANG_WARN_RANGE_LOOP_ANALYSIS = YES;
				CLANG_WARN_STRICT_PROTOTYPES = YES;
				CLANG_WARN_SUSPICIOUS_MOVE = YES;
				CLANG_WARN_UNGUARDED_AVAILABILITY = YES_AGGRESSIVE;
				CLANG_WARN_UNREACHABLE_CODE = YES;
				CLANG_WARN__DUPLICATE_METHOD_MATCH = YES;
				COPY_PHASE_STRIP = NO;
				DEBUG_INFORMATION_FORMAT = "dwarf-with-dsym";
				ENABLE_NS_ASSERTIONS = NO;
				ENABLE_STRICT_OBJC_MSGSEND = YES;
				GCC_C_LANGUAGE_STANDARD = gnu11;
				GCC_NO_COMMON_BLOCKS = YES;
				GCC_WARN_64_TO_32_BIT_CONVERSION = YES;
				GCC_WARN_ABOUT_RETURN_TYPE = YES_ERROR;
				GCC_WARN_UNDECLARED_SELECTOR = YES;
				GCC_WARN_UNINITIALIZED_AUTOS = YES_AGGRESSIVE;
				GCC_WARN_UNUSED_FUNCTION = YES;
				GCC_WARN_UNUSED_VARIABLE = YES;
				IPHONEOS_DEPLOYMENT_TARGET = 13.2;
				MTL_ENABLE_DEBUG_INFO = NO;
				MTL_FAST_MATH = YES;
				SDKROOT = iphoneos;
				SWIFT_COMPILATION_MODE = wholemodule;
				SWIFT_OPTIMIZATION_LEVEL = "-O";
				VALIDATE_PRODUCT = YES;
			};
			name = Release;
		};
		10BE73C9247365A4001EFD43 /* Debug */ = {
			isa = XCBuildConfiguration;
			baseConfigurationReference = 5D159C71FC16C93B21108A19 /* Pods-TurboTech.debug.xcconfig */;
			buildSettings = {
				ASSETCATALOG_COMPILER_APPICON_NAME = AppIcon;
				CODE_SIGN_STYLE = Automatic;
				DEVELOPMENT_TEAM = K6SUPH6GZT;
				INFOPLIST_FILE = TurboTech/Info.plist;
				IPHONEOS_DEPLOYMENT_TARGET = 13.2;
				LD_RUNPATH_SEARCH_PATHS = (
					"$(inherited)",
					"@executable_path/Frameworks",
				);
				PRODUCT_BUNDLE_IDENTIFIER = com.turbotech.TurboTech;
				PRODUCT_NAME = "$(TARGET_NAME)";
				SWIFT_VERSION = 5.0;
				TARGETED_DEVICE_FAMILY = "1,2";
			};
			name = Debug;
		};
		10BE73CA247365A4001EFD43 /* Release */ = {
			isa = XCBuildConfiguration;
			baseConfigurationReference = CB386C5446682C36934D3A76 /* Pods-TurboTech.release.xcconfig */;
			buildSettings = {
				ASSETCATALOG_COMPILER_APPICON_NAME = AppIcon;
				CODE_SIGN_STYLE = Automatic;
				DEVELOPMENT_TEAM = K6SUPH6GZT;
				INFOPLIST_FILE = TurboTech/Info.plist;
				IPHONEOS_DEPLOYMENT_TARGET = 13.2;
				LD_RUNPATH_SEARCH_PATHS = (
					"$(inherited)",
					"@executable_path/Frameworks",
				);
				PRODUCT_BUNDLE_IDENTIFIER = com.turbotech.TurboTech;
				PRODUCT_NAME = "$(TARGET_NAME)";
				SWIFT_VERSION = 5.0;
				TARGETED_DEVICE_FAMILY = "1,2";
			};
			name = Release;
		};
/* End XCBuildConfiguration section */

/* Begin XCConfigurationList section */
		10BE73AF247365A4001EFD43 /* Build configuration list for PBXProject "TurboTech" */ = {
			isa = XCConfigurationList;
			buildConfigurations = (
				10BE73C6247365A4001EFD43 /* Debug */,
				10BE73C7247365A4001EFD43 /* Release */,
			);
			defaultConfigurationIsVisible = 0;
			defaultConfigurationName = Release;
		};
		10BE73C8247365A4001EFD43 /* Build configuration list for PBXNativeTarget "TurboTech" */ = {
			isa = XCConfigurationList;
			buildConfigurations = (
				10BE73C9247365A4001EFD43 /* Debug */,
				10BE73CA247365A4001EFD43 /* Release */,
			);
			defaultConfigurationIsVisible = 0;
			defaultConfigurationName = Release;
		};
/* End XCConfigurationList section */
	};
	rootObject = 10BE73AC247365A4001EFD43 /* Project object */;
}
